
Microsoft Visual Studio Solution File, Format Version 12.00
Project("{FAE04EC0-301F-11D3-BF4B-00C04F79EFBC}") = "LmsApplication.AppHost", "LmsApplication\LmsApplication.AppHost\LmsApplication.AppHost.csproj", "{824C6495-F9B3-4E25-89FB-634616F9A722}"
EndProject
Project("{FAE04EC0-301F-11D3-BF4B-00C04F79EFBC}") = "LmsApplication.ServiceDefaults", "LmsApplication\LmsApplication.ServiceDefaults\LmsApplication.ServiceDefaults.csproj", "{12C4CD5B-F641-4E24-B3C5-AB18EC7AF1C1}"
EndProject
Project("{FAE04EC0-301F-11D3-BF4B-00C04F79EFBC}") = "LmsApplication.Api.AuthService", "LmsApplication\LmsApplication.Api.AuthService\LmsApplication.Api.AuthService.csproj", "{F14A98D7-7B1A-4CCE-87ED-491ECE6669CD}"
EndProject
Project("{FAE04EC0-301F-11D3-BF4B-00C04F79EFBC}") = "LmsApplication.Api.Gateway", "LmsApplication\LmsApplication.Api.Gateway\LmsApplication.Api.Gateway.csproj", "{244BC532-883F-4DBC-AB5A-C2DF88A729D8}"
EndProject
Global
	GlobalSection(SolutionConfigurationPlatforms) = preSolution
		Debug|Any CPU = Debug|Any CPU
		Release|Any CPU = Release|Any CPU
	EndGlobalSection
	GlobalSection(ProjectConfigurationPlatforms) = postSolution
		{824C6495-F9B3-4E25-89FB-634616F9A722}.Debug|Any CPU.ActiveCfg = Debug|Any CPU
		{824C6495-F9B3-4E25-89FB-634616F9A722}.Debug|Any CPU.Build.0 = Debug|Any CPU
		{824C6495-F9B3-4E25-89FB-634616F9A722}.Release|Any CPU.ActiveCfg = Release|Any CPU
		{824C6495-F9B3-4E25-89FB-634616F9A722}.Release|Any CPU.Build.0 = Release|Any CPU
		{12C4CD5B-F641-4E24-B3C5-AB18EC7AF1C1}.Debug|Any CPU.ActiveCfg = Debug|Any CPU
		{12C4CD5B-F641-4E24-B3C5-AB18EC7AF1C1}.Debug|Any CPU.Build.0 = Debug|Any CPU
		{12C4CD5B-F641-4E24-B3C5-AB18EC7AF1C1}.Release|Any CPU.ActiveCfg = Release|Any CPU
		{12C4CD5B-F641-4E24-B3C5-AB18EC7AF1C1}.Release|Any CPU.Build.0 = Release|Any CPU
		{F14A98D7-7B1A-4CCE-87ED-491ECE6669CD}.Debug|Any CPU.ActiveCfg = Debug|Any CPU
		{F14A98D7-7B1A-4CCE-87ED-491ECE6669CD}.Debug|Any CPU.Build.0 = Debug|Any CPU
		{F14A98D7-7B1A-4CCE-87ED-491ECE6669CD}.Release|Any CPU.ActiveCfg = Release|Any CPU
		{F14A98D7-7B1A-4CCE-87ED-491ECE6669CD}.Release|Any CPU.Build.0 = Release|Any CPU
		{244BC532-883F-4DBC-AB5A-C2DF88A729D8}.Debug|Any CPU.ActiveCfg = Debug|Any CPU
		{244BC532-883F-4DBC-AB5A-C2DF88A729D8}.Debug|Any CPU.Build.0 = Debug|Any CPU
		{244BC532-883F-4DBC-AB5A-C2DF88A729D8}.Release|Any CPU.ActiveCfg = Release|Any CPU
		{244BC532-883F-4DBC-AB5A-C2DF88A729D8}.Release|Any CPU.Build.0 = Release|Any CPU
	EndGlobalSection
EndGlobal
