
Microsoft Visual Studio Solution File, Format Version 12.00
Project("{FAE04EC0-301F-11D3-BF4B-00C04F79EFBC}") = "LmsApplication.AppHost", "LmsApplication\LmsApplication.AppHost\LmsApplication.AppHost.csproj", "{824C6495-F9B3-4E25-89FB-634616F9A722}"
EndProject
Project("{FAE04EC0-301F-11D3-BF4B-00C04F79EFBC}") = "LmsApplication.ServiceDefaults", "LmsApplication\LmsApplication.ServiceDefaults\LmsApplication.ServiceDefaults.csproj", "{12C4CD5B-F641-4E24-B3C5-AB18EC7AF1C1}"
EndProject
Project("{FAE04EC0-301F-11D3-BF4B-00C04F79EFBC}") = "LmsApplication.Api.AuthService", "LmsApplication\LmsApplication.Api.AuthService\LmsApplication.Api.AuthService.csproj", "{F14A98D7-7B1A-4CCE-87ED-491ECE6669CD}"
EndProject
Project("{FAE04EC0-301F-11D3-BF4B-00C04F79EFBC}") = "LmsApplication.Resources", "LmsApplication\LmsApplication.Resources\LmsApplication.Resources.csproj", "{1DB0AEC7-2984-4543-8013-8FF6BC310FAB}"
EndProject
Project("{FAE04EC0-301F-11D3-BF4B-00C04F79EFBC}") = "LmsApplication.Core.Data", "LmsApplication\LmsApplication.Core.Data\LmsApplication.Core.Data.csproj", "{9E1D5341-2978-48E3-8ECE-182EA75EDECC}"
EndProject
Project("{FAE04EC0-301F-11D3-BF4B-00C04F79EFBC}") = "LmsApplication.Core.Services", "LmsApplication\LmsApplication.Core.Services\LmsApplication.Core.Services.csproj", "{AA26B2E0-5671-44A6-9E3F-8619F8562BAC}"
EndProject
Project("{FAE04EC0-301F-11D3-BF4B-00C04F79EFBC}") = "LmsApplication.Core.DbInitializer", "LmsApplication\LmsApplication.Core.DbInitializer\LmsApplication.Core.DbInitializer.csproj", "{C814DB44-7097-416A-ACE8-B2727CE3C020}"
EndProject
Project("{FAE04EC0-301F-11D3-BF4B-00C04F79EFBC}") = "LmsApplication.Core.Config", "LmsApplication\LmsApplication.Core.Config\LmsApplication.Core.Config.csproj", "{17701C8A-C7DD-400C-8381-D193F325EB0C}"
EndProject
Project("{FAE04EC0-301F-11D3-BF4B-00C04F79EFBC}") = "LmsApplication.Core.ApplicationServices", "LmsApplication\LmsApplication.Core.ApplicationServices\LmsApplication.Core.ApplicationServices.csproj", "{F2284116-F599-4761-99DF-AB540BB74238}"
EndProject
Project("{FAE04EC0-301F-11D3-BF4B-00C04F79EFBC}") = "LmsApplication.Api.Shared", "LmsApplication\LmsApplication.Api.Shared\LmsApplication.Api.Shared.csproj", "{2871FDFA-9923-42D0-BA40-FD79CCE74D58}"
EndProject
Global
	GlobalSection(SolutionConfigurationPlatforms) = preSolution
		Debug|Any CPU = Debug|Any CPU
		Release|Any CPU = Release|Any CPU
	EndGlobalSection
	GlobalSection(ProjectConfigurationPlatforms) = postSolution
		{824C6495-F9B3-4E25-89FB-634616F9A722}.Debug|Any CPU.ActiveCfg = Debug|Any CPU
		{824C6495-F9B3-4E25-89FB-634616F9A722}.Debug|Any CPU.Build.0 = Debug|Any CPU
		{824C6495-F9B3-4E25-89FB-634616F9A722}.Release|Any CPU.ActiveCfg = Release|Any CPU
		{824C6495-F9B3-4E25-89FB-634616F9A722}.Release|Any CPU.Build.0 = Release|Any CPU
		{12C4CD5B-F641-4E24-B3C5-AB18EC7AF1C1}.Debug|Any CPU.ActiveCfg = Debug|Any CPU
		{12C4CD5B-F641-4E24-B3C5-AB18EC7AF1C1}.Debug|Any CPU.Build.0 = Debug|Any CPU
		{12C4CD5B-F641-4E24-B3C5-AB18EC7AF1C1}.Release|Any CPU.ActiveCfg = Release|Any CPU
		{12C4CD5B-F641-4E24-B3C5-AB18EC7AF1C1}.Release|Any CPU.Build.0 = Release|Any CPU
		{F14A98D7-7B1A-4CCE-87ED-491ECE6669CD}.Debug|Any CPU.ActiveCfg = Debug|Any CPU
		{F14A98D7-7B1A-4CCE-87ED-491ECE6669CD}.Debug|Any CPU.Build.0 = Debug|Any CPU
		{F14A98D7-7B1A-4CCE-87ED-491ECE6669CD}.Release|Any CPU.ActiveCfg = Release|Any CPU
		{F14A98D7-7B1A-4CCE-87ED-491ECE6669CD}.Release|Any CPU.Build.0 = Release|Any CPU
		{1DB0AEC7-2984-4543-8013-8FF6BC310FAB}.Debug|Any CPU.ActiveCfg = Debug|Any CPU
		{1DB0AEC7-2984-4543-8013-8FF6BC310FAB}.Debug|Any CPU.Build.0 = Debug|Any CPU
		{1DB0AEC7-2984-4543-8013-8FF6BC310FAB}.Release|Any CPU.ActiveCfg = Release|Any CPU
		{1DB0AEC7-2984-4543-8013-8FF6BC310FAB}.Release|Any CPU.Build.0 = Release|Any CPU
		{9E1D5341-2978-48E3-8ECE-182EA75EDECC}.Debug|Any CPU.ActiveCfg = Debug|Any CPU
		{9E1D5341-2978-48E3-8ECE-182EA75EDECC}.Debug|Any CPU.Build.0 = Debug|Any CPU
		{9E1D5341-2978-48E3-8ECE-182EA75EDECC}.Release|Any CPU.ActiveCfg = Release|Any CPU
		{9E1D5341-2978-48E3-8ECE-182EA75EDECC}.Release|Any CPU.Build.0 = Release|Any CPU
		{AA26B2E0-5671-44A6-9E3F-8619F8562BAC}.Debug|Any CPU.ActiveCfg = Debug|Any CPU
		{AA26B2E0-5671-44A6-9E3F-8619F8562BAC}.Debug|Any CPU.Build.0 = Debug|Any CPU
		{AA26B2E0-5671-44A6-9E3F-8619F8562BAC}.Release|Any CPU.ActiveCfg = Release|Any CPU
		{AA26B2E0-5671-44A6-9E3F-8619F8562BAC}.Release|Any CPU.Build.0 = Release|Any CPU
		{C814DB44-7097-416A-ACE8-B2727CE3C020}.Debug|Any CPU.ActiveCfg = Debug|Any CPU
		{C814DB44-7097-416A-ACE8-B2727CE3C020}.Debug|Any CPU.Build.0 = Debug|Any CPU
		{C814DB44-7097-416A-ACE8-B2727CE3C020}.Release|Any CPU.ActiveCfg = Release|Any CPU
		{C814DB44-7097-416A-ACE8-B2727CE3C020}.Release|Any CPU.Build.0 = Release|Any CPU
		{17701C8A-C7DD-400C-8381-D193F325EB0C}.Debug|Any CPU.ActiveCfg = Debug|Any CPU
		{17701C8A-C7DD-400C-8381-D193F325EB0C}.Debug|Any CPU.Build.0 = Debug|Any CPU
		{17701C8A-C7DD-400C-8381-D193F325EB0C}.Release|Any CPU.ActiveCfg = Release|Any CPU
		{17701C8A-C7DD-400C-8381-D193F325EB0C}.Release|Any CPU.Build.0 = Release|Any CPU
		{F2284116-F599-4761-99DF-AB540BB74238}.Debug|Any CPU.ActiveCfg = Debug|Any CPU
		{F2284116-F599-4761-99DF-AB540BB74238}.Debug|Any CPU.Build.0 = Debug|Any CPU
		{F2284116-F599-4761-99DF-AB540BB74238}.Release|Any CPU.ActiveCfg = Release|Any CPU
		{F2284116-F599-4761-99DF-AB540BB74238}.Release|Any CPU.Build.0 = Release|Any CPU
		{2871FDFA-9923-42D0-BA40-FD79CCE74D58}.Debug|Any CPU.ActiveCfg = Debug|Any CPU
		{2871FDFA-9923-42D0-BA40-FD79CCE74D58}.Debug|Any CPU.Build.0 = Debug|Any CPU
		{2871FDFA-9923-42D0-BA40-FD79CCE74D58}.Release|Any CPU.ActiveCfg = Release|Any CPU
		{2871FDFA-9923-42D0-BA40-FD79CCE74D58}.Release|Any CPU.Build.0 = Release|Any CPU
	EndGlobalSection
EndGlobal
