Microsoft Visual Studio Solution File, Format Version 12.00
# Visual Studio Version 17
VisualStudioVersion = 17.8.0.0
MinimumVisualStudioVersion = 17.8.0.0
Project("{9A19103F-16F7-4668-BE54-9A1E7A4F7556}") = "LmsApplication.AppHost", "LmsApplication.AppHost\LmsApplication.AppHost.csproj", "{CEDD54EE-14B7-4CF5-B2DA-6792E2D99EF1}"
EndProject
Project("{9A19103F-16F7-4668-BE54-9A1E7A4F7556}") = "LmsApplication.ServiceDefaults", "LmsApplication.ServiceDefaults\LmsApplication.ServiceDefaults.csproj", "{56648EB8-BA84-412B-9D17-69DCCD6DC744}"
EndProject
Project("{9A19103F-16F7-4668-BE54-9A1E7A4F7556}") = "LmsApplication.ApiService", "LmsApplication.ApiService\LmsApplication.ApiService.csproj", "{AB9F8D1D-037F-4E42-9357-5850CE109259}"
EndProject
Project("{9A19103F-16F7-4668-BE54-9A1E7A4F7556}") = "LmsApplication.Web", "LmsApplication.Web\LmsApplication.Web.csproj", "{D2CCD874-29F5-4901-985B-59DFD944EED6}"
EndProject
Global
	GlobalSection(SolutionConfigurationPlatforms) = preSolution
		Debug|Any CPU = Debug|Any CPU
		Release|Any CPU = Release|Any CPU
	EndGlobalSection
	GlobalSection(ProjectConfigurationPlatforms) = postSolution
		{CEDD54EE-14B7-4CF5-B2DA-6792E2D99EF1}.Debug|Any CPU.ActiveCfg = Debug|Any CPU
		{CEDD54EE-14B7-4CF5-B2DA-6792E2D99EF1}.Debug|Any CPU.Build.0 = Debug|Any CPU
		{CEDD54EE-14B7-4CF5-B2DA-6792E2D99EF1}.Release|Any CPU.ActiveCfg = Release|Any CPU
		{CEDD54EE-14B7-4CF5-B2DA-6792E2D99EF1}.Release|Any CPU.Build.0 = Release|Any CPU
		{56648EB8-BA84-412B-9D17-69DCCD6DC744}.Debug|Any CPU.ActiveCfg = Debug|Any CPU
		{56648EB8-BA84-412B-9D17-69DCCD6DC744}.Debug|Any CPU.Build.0 = Debug|Any CPU
		{56648EB8-BA84-412B-9D17-69DCCD6DC744}.Release|Any CPU.ActiveCfg = Release|Any CPU
		{56648EB8-BA84-412B-9D17-69DCCD6DC744}.Release|Any CPU.Build.0 = Release|Any CPU
		{AB9F8D1D-037F-4E42-9357-5850CE109259}.Debug|Any CPU.ActiveCfg = Debug|Any CPU
		{AB9F8D1D-037F-4E42-9357-5850CE109259}.Debug|Any CPU.Build.0 = Debug|Any CPU
		{AB9F8D1D-037F-4E42-9357-5850CE109259}.Release|Any CPU.ActiveCfg = Release|Any CPU
		{AB9F8D1D-037F-4E42-9357-5850CE109259}.Release|Any CPU.Build.0 = Release|Any CPU
		{D2CCD874-29F5-4901-985B-59DFD944EED6}.Debug|Any CPU.ActiveCfg = Debug|Any CPU
		{D2CCD874-29F5-4901-985B-59DFD944EED6}.Debug|Any CPU.Build.0 = Debug|Any CPU
		{D2CCD874-29F5-4901-985B-59DFD944EED6}.Release|Any CPU.ActiveCfg = Release|Any CPU
		{D2CCD874-29F5-4901-985B-59DFD944EED6}.Release|Any CPU.Build.0 = Release|Any CPU
	EndGlobalSection
	GlobalSection(SolutionProperties) = preSolution
		HideSolutionNode = FALSE
	EndGlobalSection
	GlobalSection(ExtensibilityGlobals) = postSolution
		SolutionGuid = {6E428ED1-4ED3-4D98-BDA4-A5E6AC6654B4}
	EndGlobalSection
EndGlobal
